
Microsoft Visual Studio Solution File, Format Version 12.00
# Visual Studio Version 17
VisualStudioVersion = 17.5.002.0
MinimumVisualStudioVersion = 10.0.40219.1
Project("{9A19103F-16F7-4668-BE54-9A1E7A4F7556}") = "GoRide.IdentityAuth", "src\GoRide.IdentityAuth.csproj", "{1D7F9801-1712-4DD3-A3FA-F06A5966D1FE}"
EndProject
Project("{2150E333-8FDC-42A3-9474-1A3956D46DE8}") = "tests", "tests", "{D4DC2D50-AF00-40F5-9F11-97166BF4EE3B}"
EndProject
Project("{9A19103F-16F7-4668-BE54-9A1E7A4F7556}") = "GoRide.IdentityAuth.Tests", "tests\GoRide.IdentityAuth.Tests\GoRide.IdentityAuth.Tests.csproj", "{A6E7B2F2-F754-4841-8D3B-5E039F96050F}"
EndProject
Global
	GlobalSection(SolutionConfigurationPlatforms) = preSolution
		Debug|Any CPU = Debug|Any CPU
		Release|Any CPU = Release|Any CPU
	EndGlobalSection
	GlobalSection(ProjectConfigurationPlatforms) = postSolution
		{1D7F9801-1712-4DD3-A3FA-F06A5966D1FE}.Debug|Any CPU.ActiveCfg = Debug|Any CPU
		{1D7F9801-1712-4DD3-A3FA-F06A5966D1FE}.Debug|Any CPU.Build.0 = Debug|Any CPU
		{1D7F9801-1712-4DD3-A3FA-F06A5966D1FE}.Release|Any CPU.ActiveCfg = Release|Any CPU
		{1D7F9801-1712-4DD3-A3FA-F06A5966D1FE}.Release|Any CPU.Build.0 = Release|Any CPU
		{A6E7B2F2-F754-4841-8D3B-5E039F96050F}.Debug|Any CPU.ActiveCfg = Debug|Any CPU
		{A6E7B2F2-F754-4841-8D3B-5E039F96050F}.Debug|Any CPU.Build.0 = Debug|Any CPU
		{A6E7B2F2-F754-4841-8D3B-5E039F96050F}.Release|Any CPU.ActiveCfg = Release|Any CPU
		{A6E7B2F2-F754-4841-8D3B-5E039F96050F}.Release|Any CPU.Build.0 = Release|Any CPU
	EndGlobalSection
	GlobalSection(SolutionProperties) = preSolution
		HideSolutionNode = FALSE
	EndGlobalSection
	GlobalSection(NestedProjects) = preSolution
		{A6E7B2F2-F754-4841-8D3B-5E039F96050F} = {D4DC2D50-AF00-40F5-9F11-97166BF4EE3B}
	EndGlobalSection
	GlobalSection(ExtensibilityGlobals) = postSolution
		SolutionGuid = {125A8DF4-00A8-4C73-94E3-7CF436E26DE5}
	EndGlobalSection
EndGlobal
